{
  "version": "5",
  "specifiers": {
    "jsr:@hono/hono@^4.13.13": "4.13.13",
    "jsr:@hono/hono@^4.8.3": "4.13.13",
    "jsr:@hono/zod-openapi@^1.6.3": "1.6.3",
    "jsr:@hono/zod-validator@~0.9.1": "0.9.1",
    "jsr:@std/assert@^1.0.19": "1.0.19",
    "jsr:@std/expect@^1.0.20": "1.0.20",
    "jsr:@std/internal@^1.0.12": "1.0.14",
    "jsr:@std/internal@^1.0.14": "1.0.14",
    "jsr:@std/path@^1.1.6": "1.1.6",
    "jsr:@std/yaml@^1.3.0": "1.3.0",
    "npm:@asteasolutions/zod-to-openapi@^9.1.0": "9.1.0_zod@4.5.4",
    "npm:@revolutionarygamesco/common@^1.3.4": "1.3.4",
    "npm:openapi3-ts@^4.5.0": "4.6.1",
    "npm:ts-japi@*": "1.12.6",
    "npm:ts-japi@^1.12.6": "1.12.6",
    "npm:zod@^4.2.1": "4.5.4"
  },
  "jsr": {
    "@hono/hono@4.13.13": {
      "integrity": "dec817b8600fc2835c259d875a69e849a706f6d25e8d0643d75c97f7d0afcdf8"
    },
    "@hono/zod-openapi@1.6.3": {
      "integrity": "0e5f870147dd140dac5b6d8d3552cdc438817d65262004e78e495ccaca997d49",
      "dependencies": [
        "jsr:@hono/hono@^4.8.3",
        "jsr:@hono/zod-validator",
        "npm:@asteasolutions/zod-to-openapi",
        "npm:openapi3-ts",
        "npm:zod"
      ]
    },
    "@hono/zod-validator@0.9.1": {
      "integrity": "d395d5437509890184c593ce117e48cbe887e1f556b15d4cc27c39367599c69f",
      "dependencies": [
        "jsr:@hono/hono@^4.8.3",
        "npm:zod"
      ]
    },
    "@std/assert@1.0.19": {
      "integrity": "eaada96ee120cb980bc47e040f82814d786fe8162ecc53c91d8df60b8755991e",
      "dependencies": [
        "jsr:@std/internal@^1.0.12"
      ]
    },
    "@std/expect@1.0.20": {
      "integrity": "ffc4f3c33f732417e3e9acf3d995818c89984313c37d933b9ebbb4571d2887e9",
      "dependencies": [
        "jsr:@std/assert",
        "jsr:@std/internal@^1.0.14",
        "jsr:@std/path"
      ]
    },
    "@std/internal@1.0.14": {
      "integrity": "291516b3d4c35024d6ffbc0a9df5bf4c64116e05b50012cf846710152d2ffdf7"
    },
    "@std/path@1.1.6": {
      "integrity": "c68485c2a4dfbb5ae3cc74fae4e8c4e5d874cf8a8ed12927917235c758b46cbe",
      "dependencies": [
        "jsr:@std/internal@^1.0.14"
      ]
    },
    "@std/yaml@1.3.0": {
      "integrity": "b250103854378b8b36cbff0fe95aec017d3d9ce86b489c67605180c602fb4922"
    }
  },
  "npm": {
    "@asteasolutions/zod-to-openapi@9.1.0_zod@4.5.4": {
      "integrity": "sha512-pLMeRgRYS7/vZIgAAkOe2P6+XGTifR1MT9pqDoxZ11EmcJJ+DPmdPqLN8ZZF4U8R9KHCCQCS9c2wtuE8wSrfkw==",
      "dependencies": [
        "openapi3-ts",
        "zod"
      ]
    },
    "@revolutionarygamesco/common@1.3.4": {
      "integrity": "sha512-RKi4S/BY6xhgoWY5SWEjCUAQxBkxKZSi74pIvT+FXeIOgwZDHZVsb5cdOKMjjd2AdFdWYIb/qM8muGdpa/DLWQ=="
    },
    "openapi3-ts@4.6.1": {
      "integrity": "sha512-XW9MOldkhoICNeXVzzmXzmOW5G73ppOEGmh7fLCqHjgfdEYCGGN+00MlVCeUZgovjjfC56j9tvtDt1zGabNjjA==",
      "dependencies": [
        "yaml"
      ]
    },
    "ts-japi@1.12.6": {
      "integrity": "sha512-RU0nQlrEzXuymlLK6Tf+RUkxJ3KM1c8/ADQo4qmw0L1svxbPbrpB2MP1b6SVvYKI89CciE0PiO+201m33/5O/Q=="
    },
    "yaml@2.9.0": {
      "integrity": "sha512-2AvhNX3mb8zd6Zy7INTtSpl1F15HW6Wnqj0srWlkKLcpYl/gMIMJiyuGq2KeI2YFxUPjdlB+3Lc10seMLtL4cA==",
      "bin": true
    },
    "zod@4.5.4": {
      "integrity": "sha512-sC95tT5iHHH9gtpj6A81kh+NEaRAUFN+qlUPDUbRfOMvNf5QCBqsb3WgvnpVtK5Y+4UfA6KqufotuTvMGiTlsA=="
    }
  },
  "workspace": {
    "dependencies": [
      "jsr:@hono/hono@^4.13.13",
      "jsr:@hono/zod-openapi@^1.6.3",
      "jsr:@std/expect@^1.0.20",
      "jsr:@std/yaml@^1.3.0",
      "npm:@revolutionarygamesco/common@^1.3.4",
      "npm:ts-japi@^1.12.6"
    ]
  }
}
